
Microsoft Visual Studio Solution File, Format Version 12.00
# Visual Studio Version 17
VisualStudioVersion = 17.5.002.0
MinimumVisualStudioVersion = 10.0.40219.1
Project("{9A19103F-16F7-4668-BE54-9A1E7A4F7556}") = "Secure.IdentityServer", "Secure.IdentityServer.csproj", "{BB8478EA-EEF6-4924-9ADA-8B93227663A6}"
EndProject
Global
	GlobalSection(SolutionConfigurationPlatforms) = preSolution
		Debug|Any CPU = Debug|Any CPU
		Release|Any CPU = Release|Any CPU
	EndGlobalSection
	GlobalSection(ProjectConfigurationPlatforms) = postSolution
		{BB8478EA-EEF6-4924-9ADA-8B93227663A6}.Debug|Any CPU.ActiveCfg = Debug|Any CPU
		{BB8478EA-EEF6-4924-9ADA-8B93227663A6}.Debug|Any CPU.Build.0 = Debug|Any CPU
		{BB8478EA-EEF6-4924-9ADA-8B93227663A6}.Release|Any CPU.ActiveCfg = Release|Any CPU
		{BB8478EA-EEF6-4924-9ADA-8B93227663A6}.Release|Any CPU.Build.0 = Release|Any CPU
	EndGlobalSection
	GlobalSection(SolutionProperties) = preSolution
		HideSolutionNode = FALSE
	EndGlobalSection
	GlobalSection(ExtensibilityGlobals) = postSolution
		SolutionGuid = {CF1D99CD-2FF5-4830-BE4E-8CB660EAB785}
	EndGlobalSection
EndGlobal
