
Microsoft Visual Studio Solution File, Format Version 12.00
# Visual Studio Version 17
VisualStudioVersion = 17.5.002.0
MinimumVisualStudioVersion = 10.0.40219.1
Project("{9A19103F-16F7-4668-BE54-9A1E7A4F7556}") = "Secure.APIGateway", "Secure.APIGateway.csproj", "{272A0D01-7B6E-4CD6-A334-61278283C493}"
EndProject
Global
	GlobalSection(SolutionConfigurationPlatforms) = preSolution
		Debug|Any CPU = Debug|Any CPU
		Release|Any CPU = Release|Any CPU
	EndGlobalSection
	GlobalSection(ProjectConfigurationPlatforms) = postSolution
		{272A0D01-7B6E-4CD6-A334-61278283C493}.Debug|Any CPU.ActiveCfg = Debug|Any CPU
		{272A0D01-7B6E-4CD6-A334-61278283C493}.Debug|Any CPU.Build.0 = Debug|Any CPU
		{272A0D01-7B6E-4CD6-A334-61278283C493}.Release|Any CPU.ActiveCfg = Release|Any CPU
		{272A0D01-7B6E-4CD6-A334-61278283C493}.Release|Any CPU.Build.0 = Release|Any CPU
	EndGlobalSection
	GlobalSection(SolutionProperties) = preSolution
		HideSolutionNode = FALSE
	EndGlobalSection
	GlobalSection(ExtensibilityGlobals) = postSolution
		SolutionGuid = {AE17F134-4E0D-4EEC-8274-6AD7A5DAD7B1}
	EndGlobalSection
EndGlobal
